
Microsoft Visual Studio Solution File, Format Version 12.00
# Visual Studio 15
VisualStudioVersion = 15.0.28010.2019
MinimumVisualStudioVersion = 10.0.40219.1
Project("{FAE04EC0-301F-11D3-BF4B-00C04F79EFBC}") = "ChatClient", "ChatClient\ChatClient.csproj", "{C0DB4771-87EB-4044-98F9-8983E78FFCD7}"
EndProject
Global
	GlobalSection(SolutionConfigurationPlatforms) = preSolution
		Debug|Any CPU = Debug|Any CPU
		Release|Any CPU = Release|Any CPU
	EndGlobalSection
	GlobalSection(ProjectConfigurationPlatforms) = postSolution
		{C0DB4771-87EB-4044-98F9-8983E78FFCD7}.Debug|Any CPU.ActiveCfg = Debug|Any CPU
		{C0DB4771-87EB-4044-98F9-8983E78FFCD7}.Debug|Any CPU.Build.0 = Debug|Any CPU
		{C0DB4771-87EB-4044-98F9-8983E78FFCD7}.Release|Any CPU.ActiveCfg = Release|Any CPU
		{C0DB4771-87EB-4044-98F9-8983E78FFCD7}.Release|Any CPU.Build.0 = Release|Any CPU
	EndGlobalSection
	GlobalSection(SolutionProperties) = preSolution
		HideSolutionNode = FALSE
	EndGlobalSection
	GlobalSection(ExtensibilityGlobals) = postSolution
		SolutionGuid = {DEFFB1E9-F6F0-458F-B9B8-2EDB1A078370}
	EndGlobalSection
EndGlobal
